
Microsoft Visual Studio Solution File, Format Version 12.00
# Visual Studio Version 17
VisualStudioVersion = 17.9.34728.123
MinimumVisualStudioVersion = 10.0.40219.1
Project("{FAE04EC0-301F-11D3-BF4B-00C04F79EFBC}") = "ComponentCommunicationLib", "ComponentCommunicationLib\ComponentCommunicationLib.csproj", "{22866791-0A13-41F2-ACCF-D006203D0CE8}"
EndProject
Project("{FAE04EC0-301F-11D3-BF4B-00C04F79EFBC}") = "ComponentManagerApp", "ComponentManagerApp\ComponentManagerApp.csproj", "{14607EE2-5138-4BAD-B300-5A2AE5BF4AAB}"
EndProject
Project("{FAE04EC0-301F-11D3-BF4B-00C04F79EFBC}") = "SignalRServerApp", "SignalRServerApp\SignalRServerApp.csproj", "{954177D6-C587-4482-8A37-6CF794459A62}"
EndProject
Global
	GlobalSection(SolutionConfigurationPlatforms) = preSolution
		Debug|Any CPU = Debug|Any CPU
		Release|Any CPU = Release|Any CPU
	EndGlobalSection
	GlobalSection(ProjectConfigurationPlatforms) = postSolution
		{22866791-0A13-41F2-ACCF-D006203D0CE8}.Debug|Any CPU.ActiveCfg = Debug|Any CPU
		{22866791-0A13-41F2-ACCF-D006203D0CE8}.Debug|Any CPU.Build.0 = Debug|Any CPU
		{22866791-0A13-41F2-ACCF-D006203D0CE8}.Release|Any CPU.ActiveCfg = Release|Any CPU
		{22866791-0A13-41F2-ACCF-D006203D0CE8}.Release|Any CPU.Build.0 = Release|Any CPU
		{14607EE2-5138-4BAD-B300-5A2AE5BF4AAB}.Debug|Any CPU.ActiveCfg = Debug|Any CPU
		{14607EE2-5138-4BAD-B300-5A2AE5BF4AAB}.Debug|Any CPU.Build.0 = Debug|Any CPU
		{14607EE2-5138-4BAD-B300-5A2AE5BF4AAB}.Release|Any CPU.ActiveCfg = Release|Any CPU
		{14607EE2-5138-4BAD-B300-5A2AE5BF4AAB}.Release|Any CPU.Build.0 = Release|Any CPU
		{954177D6-C587-4482-8A37-6CF794459A62}.Debug|Any CPU.ActiveCfg = Debug|Any CPU
		{954177D6-C587-4482-8A37-6CF794459A62}.Debug|Any CPU.Build.0 = Debug|Any CPU
		{954177D6-C587-4482-8A37-6CF794459A62}.Release|Any CPU.ActiveCfg = Release|Any CPU
		{954177D6-C587-4482-8A37-6CF794459A62}.Release|Any CPU.Build.0 = Release|Any CPU
	EndGlobalSection
	GlobalSection(SolutionProperties) = preSolution
		HideSolutionNode = FALSE
	EndGlobalSection
	GlobalSection(ExtensibilityGlobals) = postSolution
		SolutionGuid = {EC52EB9B-019F-45C3-B442-1E6E611A5E27}
	EndGlobalSection
EndGlobal
